// !$*UTF8*$!
{
	archiveVersion = 1;
	classes = {
	};
	objectVersion = 50;
	objects = {

/* Begin PBXBuildFile section */
		2CBEB01520AC9E740053ACF5 /* AppDelegate.swift in Sources */ = {isa = PBXBuildFile; fileRef = 2CBEB01420AC9E740053ACF5 /* AppDelegate.swift */; };
		2CBEB01720AC9E740053ACF5 /* ViewController.swift in Sources */ = {isa = PBXBuildFile; fileRef = 2CBEB01620AC9E740053ACF5 /* ViewController.swift */; };
		2CBEB01A20AC9E740053ACF5 /* Main.storyboard in Resources */ = {isa = PBXBuildFile; fileRef = 2CBEB01820AC9E740053ACF5 /* Main.storyboard */; };
		2CBEB01D20AC9E740053ACF5 /* Test.xcdatamodeld in Sources */ = {isa = PBXBuildFile; fileRef = 2CBEB01B20AC9E740053ACF5 /* Test.xcdatamodeld */; };
		2CBEB01F20AC9E750053ACF5 /* Assets.xcassets in Resources */ = {isa = PBXBuildFile; fileRef = 2CBEB01E20AC9E750053ACF5 /* Assets.xcassets */; };
		2CBEB02220AC9E750053ACF5 /* LaunchScreen.storyboard in Resources */ = {isa = PBXBuildFile; fileRef = 2CBEB02020AC9E750053ACF5 /* LaunchScreen.storyboard */; };
		2CBEB02D20AC9E750053ACF5 /* TestTests.swift in Sources */ = {isa = PBXBuildFile; fileRef = 2CBEB02C20AC9E750053ACF5 /* TestTests.swift */; };
		2CBEB03820AC9E750053ACF5 /* TestUITests.swift in Sources */ = {isa = PBXBuildFile; fileRef = 2CBEB03720AC9E750053ACF5 /* TestUITests.swift */; };
/* End PBXBuildFile section */

/* Begin PBXContainerItemProxy section */
		2CBEB02920AC9E750053ACF5 /* PBXContainerItemProxy */ = {
			isa = PBXContainerItemProxy;
			containerPortal = 2CBEB00920AC9E740053ACF5 /* Project object */;
			proxyType = 1;
			remoteGlobalIDString = 2CBEB01020AC9E740053ACF5;
			remoteInfo = Test;
		};
		2CBEB03420AC9E750053ACF5 /* PBXContainerItemProxy */ = {
			isa = PBXContainerItemProxy;
			containerPortal = 2CBEB00920AC9E740053ACF5 /* Project object */;
			proxyType = 1;
			remoteGlobalIDString = 2CBEB01020AC9E740053ACF5;
			remoteInfo = Test;
		};
/* End PBXContainerItemProxy section */

/* Begin PBXFileReference section */
		2CBEB01120AC9E740053ACF5 /* Test.app */ = {isa = PBXFileReference; explicitFileType = wrapper.application; includeInIndex = 0; path = Test.app; sourceTree = BUILT_PRODUCTS_DIR; };
		2CBEB01420AC9E740053ACF5 /* AppDelegate.swift */ = {isa = PBXFileReference; lastKnownFileType = sourcecode.swift; path = AppDelegate.swift; sourceTree = "<group>"; };
		2CBEB01620AC9E740053ACF5 /* ViewController.swift */ = {isa = PBXFileReference; lastKnownFileType = sourcecode.swift; path = ViewController.swift; sourceTree = "<group>"; };
		2CBEB01920AC9E740053ACF5 /* Base */ = {isa = PBXFileReference; lastKnownFileType = file.storyboard; name = Base; path = Base.lproj/Main.storyboard; sourceTree = "<group>"; };
		2CBEB01C20AC9E740053ACF5 /* Test.xcdatamodel */ = {isa = PBXFileReference; lastKnownFileType = wrapper.xcdatamodel; path = Test.xcdatamodel; sourceTree = "<group>"; };
		2CBEB01E20AC9E750053ACF5 /* Assets.xcassets */ = {isa = PBXFileReference; lastKnownFileType = folder.assetcatalog; path = Assets.xcassets; sourceTree = "<group>"; };
		2CBEB02120AC9E750053ACF5 /* Base */ = {isa = PBXFileReference; lastKnownFileType = file.storyboard; name = Base; path = Base.lproj/LaunchScreen.storyboard; sourceTree = "<group>"; };
		2CBEB02320AC9E750053ACF5 /* Info.plist */ = {isa = PBXFileReference; lastKnownFileType = text.plist.xml; path = Info.plist; sourceTree = "<group>"; };
		2CBEB02820AC9E750053ACF5 /* TestTests.xctest */ = {isa = PBXFileReference; explicitFileType = wrapper.cfbundle; includeInIndex = 0; path = TestTests.xctest; sourceTree = BUILT_PRODUCTS_DIR; };
		2CBEB02C20AC9E750053ACF5 /* TestTests.swift */ = {isa = PBXFileReference; lastKnownFileType = sourcecode.swift; path = TestTests.swift; sourceTree = "<group>"; };
		2CBEB02E20AC9E750053ACF5 /* Info.plist */ = {isa = PBXFileReference; lastKnownFileType = text.plist.xml; path = Info.plist; sourceTree = "<group>"; };
		2CBEB03320AC9E750053ACF5 /* TestUITests.xctest */ = {isa = PBXFileReference; explicitFileType = wrapper.cfbundle; includeInIndex = 0; path = TestUITests.xctest; sourceTree = BUILT_PRODUCTS_DIR; };
		2CBEB03720AC9E750053ACF5 /* TestUITests.swift */ = {isa = PBXFileReference; lastKnownFileType = sourcecode.swift; path = TestUITests.swift; sourceTree = "<group>"; };
		2CBEB03920AC9E750053ACF5 /* Info.plist */ = {isa = PBXFileReference; lastKnownFileType = text.plist.xml; path = Info.plist; sourceTree = "<group>"; };
/* End PBXFileReference section */

/* Begin PBXFrameworksBuildPhase section */
		2CBEB00E20AC9E740053ACF5 /* Frameworks */ = {
			isa = PBXFrameworksBuildPhase;
			buildActionMask = 2147483647;
			files = (
			);
			runOnlyForDeploymentPostprocessing = 0;
		};
		2CBEB02520AC9E750053ACF5 /* Frameworks */ = {
			isa = PBXFrameworksBuildPhase;
			buildActionMask = 2147483647;
			files = (
			);
			runOnlyForDeploymentPostprocessing = 0;
		};
		2CBEB03020AC9E750053ACF5 /* Frameworks */ = {
			isa = PBXFrameworksBuildPhase;
			buildActionMask = 2147483647;
			files = (
			);
			runOnlyForDeploymentPostprocessing = 0;
		};
/* End PBXFrameworksBuildPhase section */

/* Begin PBXGroup section */
		2CBEB00820AC9E740053ACF5 = {
			isa = PBXGroup;
			children = (
				2CBEB01320AC9E740053ACF5 /* Test */,
				2CBEB02B20AC9E750053ACF5 /* TestTests */,
				2CBEB03620AC9E750053ACF5 /* TestUITests */,
				2CBEB01220AC9E740053ACF5 /* Products */,
			);
			sourceTree = "<group>";
		};
		2CBEB01220AC9E740053ACF5 /* Products */ = {
			isa = PBXGroup;
			children = (
				2CBEB01120AC9E740053ACF5 /* Test.app */,
				2CBEB02820AC9E750053ACF5 /* TestTests.xctest */,
				2CBEB03320AC9E750053ACF5 /* TestUITests.xctest */,
			);
			name = Products;
			sourceTree = "<group>";
		};
		2CBEB01320AC9E740053ACF5 /* Test */ = {
			isa = PBXGroup;
			children = (
				2CBEB01420AC9E740053ACF5 /* AppDelegate.swift */,
				2CBEB01620AC9E740053ACF5 /* ViewController.swift */,
				2CBEB01820AC9E740053ACF5 /* Main.storyboard */,
				2CBEB01E20AC9E750053ACF5 /* Assets.xcassets */,
				2CBEB02020AC9E750053ACF5 /* LaunchScreen.storyboard */,
				2CBEB02320AC9E750053ACF5 /* Info.plist */,
				2CBEB01B20AC9E740053ACF5 /* Test.xcdatamodeld */,
			);
			path = Test;
			sourceTree = "<group>";
		};
		2CBEB02B20AC9E750053ACF5 /* TestTests */ = {
			isa = PBXGroup;
			children = (
				2CBEB02C20AC9E750053ACF5 /* TestTests.swift */,
				2CBEB02E20AC9E750053ACF5 /* Info.plist */,
			);
			path = TestTests;
			sourceTree = "<group>";
		};
		2CBEB03620AC9E750053ACF5 /* TestUITests */ = {
			isa = PBXGroup;
			children = (
				2CBEB03720AC9E750053ACF5 /* TestUITests.swift */,
				2CBEB03920AC9E750053ACF5 /* Info.plist */,
			);
			path = TestUITests;
			sourceTree = "<group>";
		};
/* End PBXGroup section */

/* Begin PBXNativeTarget section */
		2CBEB01020AC9E740053ACF5 /* Test */ = {
			isa = PBXNativeTarget;
			buildConfigurationList = 2CBEB03C20AC9E750053ACF5 /* Build configuration list for PBXNativeTarget "Test" */;
			buildPhases = (
				2CBEB00D20AC9E740053ACF5 /* Sources */,
				2CBEB00E20AC9E740053ACF5 /* Frameworks */,
				2CBEB00F20AC9E740053ACF5 /* Resources */,
			);
			buildRules = (
			);
			dependencies = (
			);
			name = Test;
			productName = Test;
			productReference = 2CBEB01120AC9E740053ACF5 /* Test.app */;
			productType = "com.apple.product-type.application";
		};
		2CBEB02720AC9E750053ACF5 /* TestTests */ = {
			isa = PBXNativeTarget;
			buildConfigurationList = 2CBEB03F20AC9E750053ACF5 /* Build configuration list for PBXNativeTarget "TestTests" */;
			buildPhases = (
				2CBEB02420AC9E750053ACF5 /* Sources */,
				2CBEB02520AC9E750053ACF5 /* Frameworks */,
				2CBEB02620AC9E750053ACF5 /* Resources */,
			);
			buildRules = (
			);
			dependencies = (
				2CBEB02A20AC9E750053ACF5 /* PBXTargetDependency */,
			);
			name = TestTests;
			productName = TestTests;
			productReference = 2CBEB02820AC9E750053ACF5 /* TestTests.xctest */;
			productType = "com.apple.product-type.bundle.unit-test";
		};
		2CBEB03220AC9E750053ACF5 /* TestUITests */ = {
			isa = PBXNativeTarget;
			buildConfigurationList = 2CBEB04220AC9E750053ACF5 /* Build configuration list for PBXNativeTarget "TestUITests" */;
			buildPhases = (
				2CBEB02F20AC9E750053ACF5 /* Sources */,
				2CBEB03020AC9E750053ACF5 /* Frameworks */,
				2CBEB03120AC9E750053ACF5 /* Resources */,
			);
			buildRules = (
			);
			dependencies = (
				2CBEB03520AC9E750053ACF5 /* PBXTargetDependency */,
			);
			name = TestUITests;
			productName = TestUITests;
			productReference = 2CBEB03320AC9E750053ACF5 /* TestUITests.xctest */;
			productType = "com.apple.product-type.bundle.ui-testing";
		};
/* End PBXNativeTarget section */

/* Begin PBXProject section */
		2CBEB00920AC9E740053ACF5 /* Project object */ = {
			isa = PBXProject;
			attributes = {
				LastSwiftUpdateCheck = 0940;
				LastUpgradeCheck = 0940;
				ORGANIZATIONNAME = "Sandeep Bhandari";
				TargetAttributes = {
					2CBEB01020AC9E740053ACF5 = {
						CreatedOnToolsVersion = 9.4;
					};
					2CBEB02720AC9E750053ACF5 = {
						CreatedOnToolsVersion = 9.4;
						TestTargetID = 2CBEB01020AC9E740053ACF5;
					};
					2CBEB03220AC9E750053ACF5 = {
						CreatedOnToolsVersion = 9.4;
						TestTargetID = 2CBEB01020AC9E740053ACF5;
					};
				};
			};
			buildConfigurationList = 2CBEB00C20AC9E740053ACF5 /* Build configuration list for PBXProject "Test" */;
			compatibilityVersion = "Xcode 9.3";
			developmentRegion = en;
			hasScannedForEncodings = 0;
			knownRegions = (
				en,
				Base,
			);
			mainGroup = 2CBEB00820AC9E740053ACF5;
			productRefGroup = 2CBEB01220AC9E740053ACF5 /* Products */;
			projectDirPath = "";
			projectRoot = "";
			targets = (
				2CBEB01020AC9E740053ACF5 /* Test */,
				2CBEB02720AC9E750053ACF5 /* TestTests */,
				2CBEB03220AC9E750053ACF5 /* TestUITests */,
			);
		};
/* End PBXProject section */

/* Begin PBXResourcesBuildPhase section */
		2CBEB00F20AC9E740053ACF5 /* Resources */ = {
			isa = PBXResourcesBuildPhase;
			buildActionMask = 2147483647;
			files = (
				2CBEB02220AC9E750053ACF5 /* LaunchScreen.storyboard in Resources */,
				2CBEB01F20AC9E750053ACF5 /* Assets.xcassets in Resources */,
				2CBEB01A20AC9E740053ACF5 /* Main.storyboard in Resources */,
			);
			runOnlyForDeploymentPostprocessing = 0;
		};
		2CBEB02620AC9E750053ACF5 /* Resources */ = {
			isa = PBXResourcesBuildPhase;
			buildActionMask = 2147483647;
			files = (
			);
			runOnlyForDeploymentPostprocessing = 0;
		};
		2CBEB03120AC9E750053ACF5 /* Resources */ = {
			isa = PBXResourcesBuildPhase;
			buildActionMask = 2147483647;
			files = (
			);
			runOnlyForDeploymentPostprocessing = 0;
		};
/* End PBXResourcesBuildPhase section */

/* Begin PBXSourcesBuildPhase section */
		2CBEB00D20AC9E740053ACF5 /* Sources */ = {
			isa = PBXSourcesBuildPhase;
			buildActionMask = 2147483647;
			files = (
				2CBEB01720AC9E740053ACF5 /* ViewController.swift in Sources */,
				2CBEB01520AC9E740053ACF5 /* AppDelegate.swift in Sources */,
				2CBEB01D20AC9E740053ACF5 /* Test.xcdatamodeld in Sources */,
			);
			runOnlyForDeploymentPostprocessing = 0;
		};
		2CBEB02420AC9E750053ACF5 /* Sources */ = {
			isa = PBXSourcesBuildPhase;
			buildActionMask = 2147483647;
			files = (
				2CBEB02D20AC9E750053ACF5 /* TestTests.swift in Sources */,
			);
			runOnlyForDeploymentPostprocessing = 0;
		};
		2CBEB02F20AC9E750053ACF5 /* Sources */ = {
			isa = PBXSourcesBuildPhase;
			buildActionMask = 2147483647;
			files = (
				2CBEB03820AC9E750053ACF5 /* TestUITests.swift in Sources */,
			);
			runOnlyForDeploymentPostprocessing = 0;
		};
/* End PBXSourcesBuildPhase section */

/* Begin PBXTargetDependency section */
		2CBEB02A20AC9E750053ACF5 /* PBXTargetDependency */ = {
			isa = PBXTargetDependency;
			target = 2CBEB01020AC9E740053ACF5 /* Test */;
			targetProxy = 2CBEB02920AC9E750053ACF5 /* PBXContainerItemProxy */;
		};
		2CBEB03520AC9E750053ACF5 /* PBXTargetDependency */ = {
			isa = PBXTargetDependency;
			target = 2CBEB01020AC9E740053ACF5 /* Test */;
			targetProxy = 2CBEB03420AC9E750053ACF5 /* PBXContainerItemProxy */;
		};
/* End PBXTargetDependency section */

/* Begin PBXVariantGroup section */
		2CBEB01820AC9E740053ACF5 /* Main.storyboard */ = {
			isa = PBXVariantGroup;
			children = (
				2CBEB01920AC9E740053ACF5 /* Base */,
			);
			name = Main.storyboard;
			sourceTree = "<group>";
		};
		2CBEB02020AC9E750053ACF5 /* LaunchScreen.storyboard */ = {
			isa = PBXVariantGroup;
			children = (
				2CBEB02120AC9E750053ACF5 /* Base */,
			);
			name = LaunchScreen.storyboard;
			sourceTree = "<group>";
		};
/* End PBXVariantGroup section */

/* Begin XCBuildConfiguration section */
		2CBEB03A20AC9E750053ACF5 /* Debug */ = {
			isa = XCBuildConfiguration;
			buildSettings = {
				ALWAYS_SEARCH_USER_PATHS = NO;
				CLANG_ANALYZER_NONNULL = YES;
				CLANG_ANALYZER_NUMBER_OBJECT_CONVERSION = YES_AGGRESSIVE;
				CLANG_CXX_LANGUAGE_STANDARD = "gnu++14";
				CLANG_CXX_LIBRARY = "libc++";
				CLANG_ENABLE_MODULES = YES;
				CLANG_ENABLE_OBJC_ARC = YES;
				CLANG_ENABLE_OBJC_WEAK = YES;
				CLANG_WARN_BLOCK_CAPTURE_AUTORELEASING = YES;
				CLANG_WARN_BOOL_CONVERSION = YES;
				CLANG_WARN_COMMA = YES;
				CLANG_WARN_CONSTANT_CONVERSION = YES;
				CLANG_WARN_DEPRECATED_OBJC_IMPLEMENTATIONS = YES;
				CLANG_WARN_DIRECT_OBJC_ISA_USAGE = YES_ERROR;
				CLANG_WARN_DOCUMENTATION_COMMENTS = YES;
				CLANG_WARN_EMPTY_BODY = YES;
				CLANG_WARN_ENUM_CONVERSION = YES;
				CLANG_WARN_INFINITE_RECURSION = YES;
				CLANG_WARN_INT_CONVERSION = YES;
				CLANG_WARN_NON_LITERAL_NULL_CONVERSION = YES;
				CLANG_WARN_OBJC_IMPLICIT_RETAIN_SELF = YES;
				CLANG_WARN_OBJC_LITERAL_CONVERSION = YES;
				CLANG_WARN_OBJC_ROOT_CLASS = YES_ERROR;
				CLANG_WARN_RANGE_LOOP_ANALYSIS = YES;
				CLANG_WARN_STRICT_PROTOTYPES = YES;
				CLANG_WARN_SUSPICIOUS_MOVE = YES;
				CLANG_WARN_UNGUARDED_AVAILABILITY = YES_AGGRESSIVE;
				CLANG_WARN_UNREACHABLE_CODE = YES;
				CLANG_WARN__DUPLICATE_METHOD_MATCH = YES;
				CODE_SIGN_IDENTITY = "iPhone Developer";
				COPY_PHASE_STRIP = NO;
				DEBUG_INFORMATION_FORMAT = dwarf;
				ENABLE_STRICT_OBJC_MSGSEND = YES;
				ENABLE_TESTABILITY = YES;
				GCC_C_LANGUAGE_STANDARD = gnu11;
				GCC_DYNAMIC_NO_PIC = NO;
				GCC_NO_COMMON_BLOCKS = YES;
				GCC_OPTIMIZATION_LEVEL = 0;
				GCC_PREPROCESSOR_DEFINITIONS = (
					"DEBUG=1",
					"$(inherited)",
				);
				GCC_WARN_64_TO_32_BIT_CONVERSION = YES;
				GCC_WARN_ABOUT_RETURN_TYPE = YES_ERROR;
				GCC_WARN_UNDECLARED_SELECTOR = YES;
				GCC_WARN_UNINITIALIZED_AUTOS = YES_AGGRESSIVE;
				GCC_WARN_UNUSED_FUNCTION = YES;
				GCC_WARN_UNUSED_VARIABLE = YES;
				IPHONEOS_DEPLOYMENT_TARGET = 11.4;
				MTL_ENABLE_DEBUG_INFO = YES;
				ONLY_ACTIVE_ARCH = YES;
				SDKROOT = iphoneos;
				SWIFT_ACTIVE_COMPILATION_CONDITIONS = DEBUG;
				SWIFT_OPTIMIZATION_LEVEL = "-Onone";
			};
			name = Debug;
		};
		2CBEB03B20AC9E750053ACF5 /* Release */ = {
			isa = XCBuildConfiguration;
			buildSettings = {
				ALWAYS_SEARCH_USER_PATHS = NO;
				CLANG_ANALYZER_NONNULL = YES;
				CLANG_ANALYZER_NUMBER_OBJECT_CONVERSION = YES_AGGRESSIVE;
				CLANG_CXX_LANGUAGE_STANDARD = "gnu++14";
				CLANG_CXX_LIBRARY = "libc++";
				CLANG_ENABLE_MODULES = YES;
				CLANG_ENABLE_OBJC_ARC = YES;
				CLANG_ENABLE_OBJC_WEAK = YES;
				CLANG_WARN_BLOCK_CAPTURE_AUTORELEASING = YES;
				CLANG_WARN_BOOL_CONVERSION = YES;
				CLANG_WARN_COMMA = YES;
				CLANG_WARN_CONSTANT_CONVERSION = YES;
				CLANG_WARN_DEPRECATED_OBJC_IMPLEMENTATIONS = YES;
				CLANG_WARN_DIRECT_OBJC_ISA_USAGE = YES_ERROR;
				CLANG_WARN_DOCUMENTATION_COMMENTS = YES;
				CLANG_WARN_EMPTY_BODY = YES;
				CLANG_WARN_ENUM_CONVERSION = YES;
				CLANG_WARN_INFINITE_RECURSION = YES;
				CLANG_WARN_INT_CONVERSION = YES;
				CLANG_WARN_NON_LITERAL_NULL_CONVERSION = YES;
				CLANG_WARN_OBJC_IMPLICIT_RETAIN_SELF = YES;
				CLANG_WARN_OBJC_LITERAL_CONVERSION = YES;
				CLANG_WARN_OBJC_ROOT_CLASS = YES_ERROR;
				CLANG_WARN_RANGE_LOOP_ANALYSIS = YES;
				CLANG_WARN_STRICT_PROTOTYPES = YES;
				CLANG_WARN_SUSPICIOUS_MOVE = YES;
				CLANG_WARN_UNGUARDED_AVAILABILITY = YES_AGGRESSIVE;
				CLANG_WARN_UNREACHABLE_CODE = YES;
				CLANG_WARN__DUPLICATE_METHOD_MATCH = YES;
				CODE_SIGN_IDENTITY = "iPhone Developer";
				COPY_PHASE_STRIP = NO;
				DEBUG_INFORMATION_FORMAT = "dwarf-with-dsym";
				ENABLE_NS_ASSERTIONS = NO;
				ENABLE_STRICT_OBJC_MSGSEND = YES;
				GCC_C_LANGUAGE_STANDARD = gnu11;
				GCC_NO_COMMON_BLOCKS = YES;
				GCC_WARN_64_TO_32_BIT_CONVERSION = YES;
				GCC_WARN_ABOUT_RETURN_TYPE = YES_ERROR;
				GCC_WARN_UNDECLARED_SELECTOR = YES;
				GCC_WARN_UNINITIALIZED_AUTOS = YES_AGGRESSIVE;
				GCC_WARN_UNUSED_FUNCTION = YES;
				GCC_WARN_UNUSED_VARIABLE = YES;
				IPHONEOS_DEPLOYMENT_TARGET = 11.4;
				MTL_ENABLE_DEBUG_INFO = NO;
				SDKROOT = iphoneos;
				SWIFT_COMPILATION_MODE = wholemodule;
				SWIFT_OPTIMIZATION_LEVEL = "-O";
				VALIDATE_PRODUCT = YES;
			};
			name = Release;
		};
		2CBEB03D20AC9E750053ACF5 /* Debug */ = {
			isa = XCBuildConfiguration;
			buildSettings = {
				ASSETCATALOG_COMPILER_APPICON_NAME = AppIcon;
				CODE_SIGN_STYLE = Automatic;
				DEVELOPMENT_TEAM = 8KM97Q6J88;
				INFOPLIST_FILE = Test/Info.plist;
				LD_RUNPATH_SEARCH_PATHS = (
					"$(inherited)",
					"@executable_path/Frameworks",
				);
				PRODUCT_BUNDLE_IDENTIFIER = com.sandeep.Test;
				PRODUCT_NAME = "$(TARGET_NAME)";
				SWIFT_VERSION = 4.0;
				TARGETED_DEVICE_FAMILY = "1,2";
			};
			name = Debug;
		};
		2CBEB03E20AC9E750053ACF5 /* Release */ = {
			isa = XCBuildConfiguration;
			buildSettings = {
				ASSETCATALOG_COMPILER_APPICON_NAME = AppIcon;
				CODE_SIGN_STYLE = Automatic;
				DEVELOPMENT_TEAM = 8KM97Q6J88;
				INFOPLIST_FILE = Test/Info.plist;
				LD_RUNPATH_SEARCH_PATHS = (
					"$(inherited)",
					"@executable_path/Frameworks",
				);
				PRODUCT_BUNDLE_IDENTIFIER = com.sandeep.Test;
				PRODUCT_NAME = "$(TARGET_NAME)";
				SWIFT_VERSION = 4.0;
				TARGETED_DEVICE_FAMILY = "1,2";
			};
			name = Release;
		};
		2CBEB04020AC9E750053ACF5 /* Debug */ = {
			isa = XCBuildConfiguration;
			buildSettings = {
				ALWAYS_EMBED_SWIFT_STANDARD_LIBRARIES = YES;
				BUNDLE_LOADER = "$(TEST_HOST)";
				CODE_SIGN_STYLE = Automatic;
				DEVELOPMENT_TEAM = 8KM97Q6J88;
				INFOPLIST_FILE = TestTests/Info.plist;
				LD_RUNPATH_SEARCH_PATHS = (
					"$(inherited)",
					"@executable_path/Frameworks",
					"@loader_path/Frameworks",
				);
				PRODUCT_BUNDLE_IDENTIFIER = com.sandeep.TestTests;
				PRODUCT_NAME = "$(TARGET_NAME)";
				SWIFT_VERSION = 4.0;
				TARGETED_DEVICE_FAMILY = "1,2";
				TEST_HOST = "$(BUILT_PRODUCTS_DIR)/Test.app/Test";
			};
			name = Debug;
		};
		2CBEB04120AC9E750053ACF5 /* Release */ = {
			isa = XCBuildConfiguration;
			buildSettings = {
				ALWAYS_EMBED_SWIFT_STANDARD_LIBRARIES = YES;
				BUNDLE_LOADER = "$(TEST_HOST)";
				CODE_SIGN_STYLE = Automatic;
				DEVELOPMENT_TEAM = 8KM97Q6J88;
				INFOPLIST_FILE = TestTests/Info.plist;
				LD_RUNPATH_SEARCH_PATHS = (
					"$(inherited)",
					"@executable_path/Frameworks",
					"@loader_path/Frameworks",
				);
				PRODUCT_BUNDLE_IDENTIFIER = com.sandeep.TestTests;
				PRODUCT_NAME = "$(TARGET_NAME)";
				SWIFT_VERSION = 4.0;
				TARGETED_DEVICE_FAMILY = "1,2";
				TEST_HOST = "$(BUILT_PRODUCTS_DIR)/Test.app/Test";
			};
			name = Release;
		};
		2CBEB04320AC9E750053ACF5 /* Debug */ = {
			isa = XCBuildConfiguration;
			buildSettings = {
				ALWAYS_EMBED_SWIFT_STANDARD_LIBRARIES = YES;
				CODE_SIGN_STYLE = Automatic;
				DEVELOPMENT_TEAM = 8KM97Q6J88;
				INFOPLIST_FILE = TestUITests/Info.plist;
				LD_RUNPATH_SEARCH_PATHS = (
					"$(inherited)",
					"@executable_path/Frameworks",
					"@loader_path/Frameworks",
				);
				PRODUCT_BUNDLE_IDENTIFIER = com.sandeep.TestUITests;
				PRODUCT_NAME = "$(TARGET_NAME)";
				SWIFT_VERSION = 4.0;
				TARGETED_DEVICE_FAMILY = "1,2";
				TEST_TARGET_NAME = Test;
			};
			name = Debug;
		};
		2CBEB04420AC9E750053ACF5 /* Release */ = {
			isa = XCBuildConfiguration;
			buildSettings = {
				ALWAYS_EMBED_SWIFT_STANDARD_LIBRARIES = YES;
				CODE_SIGN_STYLE = Automatic;
				DEVELOPMENT_TEAM = 8KM97Q6J88;
				INFOPLIST_FILE = TestUITests/Info.plist;
				LD_RUNPATH_SEARCH_PATHS = (
					"$(inherited)",
					"@executable_path/Frameworks",
					"@loader_path/Frameworks",
				);
				PRODUCT_BUNDLE_IDENTIFIER = com.sandeep.TestUITests;
				PRODUCT_NAME = "$(TARGET_NAME)";
				SWIFT_VERSION = 4.0;
				TARGETED_DEVICE_FAMILY = "1,2";
				TEST_TARGET_NAME = Test;
			};
			name = Release;
		};
/* End XCBuildConfiguration section */

/* Begin XCConfigurationList section */
		2CBEB00C20AC9E740053ACF5 /* Build configuration list for PBXProject "Test" */ = {
			isa = XCConfigurationList;
			buildConfigurations = (
				2CBEB03A20AC9E750053ACF5 /* Debug */,
				2CBEB03B20AC9E750053ACF5 /* Release */,
			);
			defaultConfigurationIsVisible = 0;
			defaultConfigurationName = Release;
		};
		2CBEB03C20AC9E750053ACF5 /* Build configuration list for PBXNativeTarget "Test" */ = {
			isa = XCConfigurationList;
			buildConfigurations = (
				2CBEB03D20AC9E750053ACF5 /* Debug */,
				2CBEB03E20AC9E750053ACF5 /* Release */,
			);
			defaultConfigurationIsVisible = 0;
			defaultConfigurationName = Release;
		};
		2CBEB03F20AC9E750053ACF5 /* Build configuration list for PBXNativeTarget "TestTests" */ = {
			isa = XCConfigurationList;
			buildConfigurations = (
				2CBEB04020AC9E750053ACF5 /* Debug */,
				2CBEB04120AC9E750053ACF5 /* Release */,
			);
			defaultConfigurationIsVisible = 0;
			defaultConfigurationName = Release;
		};
		2CBEB04220AC9E750053ACF5 /* Build configuration list for PBXNativeTarget "TestUITests" */ = {
			isa = XCConfigurationList;
			buildConfigurations = (
				2CBEB04320AC9E750053ACF5 /* Debug */,
				2CBEB04420AC9E750053ACF5 /* Release */,
			);
			defaultConfigurationIsVisible = 0;
			defaultConfigurationName = Release;
		};
/* End XCConfigurationList section */

/* Begin XCVersionGroup section */
		2CBEB01B20AC9E740053ACF5 /* Test.xcdatamodeld */ = {
			isa = XCVersionGroup;
			children = (
				2CBEB01C20AC9E740053ACF5 /* Test.xcdatamodel */,
			);
			currentVersion = 2CBEB01C20AC9E740053ACF5 /* Test.xcdatamodel */;
			path = Test.xcdatamodeld;
			sourceTree = "<group>";
			versionGroupType = wrapper.xcdatamodel;
		};
/* End XCVersionGroup section */
	};
	rootObject = 2CBEB00920AC9E740053ACF5 /* Project object */;
}
